
Microsoft Visual Studio Solution File, Format Version 12.00
# Visual Studio Version 16
VisualStudioVersion = 16.0.30413.136
MinimumVisualStudioVersion = 10.0.40219.1
Project("{888888A0-9F3D-457C-B088-3A5042F75D52}") = "def", "def.pyproj", "{A8B0CB25-9102-49E7-B19C-57E582D4C38E}"
EndProject
Global
	GlobalSection(SolutionConfigurationPlatforms) = preSolution
		Debug|Any CPU = Debug|Any CPU
		Release|Any CPU = Release|Any CPU
	EndGlobalSection
	GlobalSection(ProjectConfigurationPlatforms) = postSolution
		{A8B0CB25-9102-49E7-B19C-57E582D4C38E}.Debug|Any CPU.ActiveCfg = Debug|Any CPU
		{A8B0CB25-9102-49E7-B19C-57E582D4C38E}.Release|Any CPU.ActiveCfg = Release|Any CPU
	EndGlobalSection
	GlobalSection(SolutionProperties) = preSolution
		HideSolutionNode = FALSE
	EndGlobalSection
	GlobalSection(ExtensibilityGlobals) = postSolution
		SolutionGuid = {8B442A3D-2C18-4F0C-8CC2-BAB91A80C2C1}
	EndGlobalSection
EndGlobal
